
Microsoft Visual Studio Solution File, Format Version 12.00
# Visual Studio Version 17
VisualStudioVersion = 17.13.35913.81 d17.13
MinimumVisualStudioVersion = 10.0.40219.1
Project("{FAE04EC0-301F-11D3-BF4B-00C04F79EFBC}") = "Todolist_Backend", "Todolist_Backend\Todolist_Backend.csproj", "{CC689A75-1BFB-433E-B8EF-7CD1427EF54B}"
EndProject
Global
	GlobalSection(SolutionConfigurationPlatforms) = preSolution
		Debug|Any CPU = Debug|Any CPU
		Release|Any CPU = Release|Any CPU
	EndGlobalSection
	GlobalSection(ProjectConfigurationPlatforms) = postSolution
		{CC689A75-1BFB-433E-B8EF-7CD1427EF54B}.Debug|Any CPU.ActiveCfg = Debug|Any CPU
		{CC689A75-1BFB-433E-B8EF-7CD1427EF54B}.Debug|Any CPU.Build.0 = Debug|Any CPU
		{CC689A75-1BFB-433E-B8EF-7CD1427EF54B}.Release|Any CPU.ActiveCfg = Release|Any CPU
		{CC689A75-1BFB-433E-B8EF-7CD1427EF54B}.Release|Any CPU.Build.0 = Release|Any CPU
	EndGlobalSection
	GlobalSection(SolutionProperties) = preSolution
		HideSolutionNode = FALSE
	EndGlobalSection
	GlobalSection(ExtensibilityGlobals) = postSolution
		SolutionGuid = {08AB89F4-B279-4984-AFEB-8C529AEC31FB}
	EndGlobalSection
EndGlobal
